
Microsoft Visual Studio Solution File, Format Version 12.00
# Visual Studio Version 16
VisualStudioVersion = 16.0.30709.132
MinimumVisualStudioVersion = 10.0.40219.1
Project("{8BC9CEB8-8B4A-11D0-8D11-00A0C91BC942}") = "Project1", "Project1\Project1.vcxproj", "{7149933D-FCD7-43DA-A714-06407FC903EC}"
EndProject
Global
	GlobalSection(SolutionConfigurationPlatforms) = preSolution
		Debug|x64 = Debug|x64
		Debug|x86 = Debug|x86
		Release|x64 = Release|x64
		Release|x86 = Release|x86
	EndGlobalSection
	GlobalSection(ProjectConfigurationPlatforms) = postSolution
		{7149933D-FCD7-43DA-A714-06407FC903EC}.Debug|x64.ActiveCfg = Debug|x64
		{7149933D-FCD7-43DA-A714-06407FC903EC}.Debug|x64.Build.0 = Debug|x64
		{7149933D-FCD7-43DA-A714-06407FC903EC}.Debug|x86.ActiveCfg = Debug|Win32
		{7149933D-FCD7-43DA-A714-06407FC903EC}.Debug|x86.Build.0 = Debug|Win32
		{7149933D-FCD7-43DA-A714-06407FC903EC}.Release|x64.ActiveCfg = Release|x64
		{7149933D-FCD7-43DA-A714-06407FC903EC}.Release|x64.Build.0 = Release|x64
		{7149933D-FCD7-43DA-A714-06407FC903EC}.Release|x86.ActiveCfg = Release|Win32
		{7149933D-FCD7-43DA-A714-06407FC903EC}.Release|x86.Build.0 = Release|Win32
	EndGlobalSection
	GlobalSection(SolutionProperties) = preSolution
		HideSolutionNode = FALSE
	EndGlobalSection
	GlobalSection(ExtensibilityGlobals) = postSolution
		SolutionGuid = {57611DCA-4458-4135-9819-284FAD78BA3A}
	EndGlobalSection
EndGlobal
